// !$*UTF8*$!
{
	archiveVersion = 1;
	classes = {
	};
	objectVersion = 55;
	objects = {

/* Begin PBXBuildFile section */
		B0152AA62DBD48DC008B5B08 /* SDL2_image.framework in Frameworks */ = {isa = PBXBuildFile; fileRef = B0152AA02DBD4864008B5B08 /* SDL2_image.framework */; };
		B0152AA72DBD48DC008B5B08 /* SDL2_image.framework in Embed Frameworks */ = {isa = PBXBuildFile; fileRef = B0152AA02DBD4864008B5B08 /* SDL2_image.framework */; settings = {ATTRIBUTES = (CodeSignOnCopy, RemoveHeadersOnCopy, ); }; };
		B0152AA92DBD48DD008B5B08 /* SDL2_mixer.framework in Frameworks */ = {isa = PBXBuildFile; fileRef = B0152A9F2DBD4864008B5B08 /* SDL2_mixer.framework */; };
		B0152AAA2DBD48DD008B5B08 /* SDL2_mixer.framework in Embed Frameworks */ = {isa = PBXBuildFile; fileRef = B0152A9F2DBD4864008B5B08 /* SDL2_mixer.framework */; settings = {ATTRIBUTES = (CodeSignOnCopy, RemoveHeadersOnCopy, ); }; };
		B0152AAB2DBD48DE008B5B08 /* SDL2_ttf.framework in Frameworks */ = {isa = PBXBuildFile; fileRef = B0152AA12DBD4864008B5B08 /* SDL2_ttf.framework */; };
		B0152AAC2DBD48DE008B5B08 /* SDL2_ttf.framework in Embed Frameworks */ = {isa = PBXBuildFile; fileRef = B0152AA12DBD4864008B5B08 /* SDL2_ttf.framework */; settings = {ATTRIBUTES = (CodeSignOnCopy, RemoveHeadersOnCopy, ); }; };
		B0152AAD2DBD48E0008B5B08 /* SDL2.framework in Frameworks */ = {isa = PBXBuildFile; fileRef = B0152A9E2DBD4864008B5B08 /* SDL2.framework */; };
		B0152AAE2DBD48E0008B5B08 /* SDL2.framework in Embed Frameworks */ = {isa = PBXBuildFile; fileRef = B0152A9E2DBD4864008B5B08 /* SDL2.framework */; settings = {ATTRIBUTES = (CodeSignOnCopy, RemoveHeadersOnCopy, ); }; };
		B050525F2DDA8A3F00C81331 /* Animation.cpp in Sources */ = {isa = PBXBuildFile; fileRef = B002CC722DDA3D3100654639 /* Animation.cpp */; };
		B05052602DDA8A3F00C81331 /* Animator.cpp in Sources */ = {isa = PBXBuildFile; fileRef = B0152AEE2DBD6EFF008B5B08 /* Animator.cpp */; };
		B05052612DDA8A3F00C81331 /* Bullet.cpp in Sources */ = {isa = PBXBuildFile; fileRef = B002CC7C2DDA3D3100654639 /* Bullet.cpp */; };
		B05052622DDA8A3F00C81331 /* Button.cpp in Sources */ = {isa = PBXBuildFile; fileRef = B002CC042DD8E38200654639 /* Button.cpp */; };
		B05052642DDA8A3F00C81331 /* Camera.cpp in Sources */ = {isa = PBXBuildFile; fileRef = B0152AFB2DBD6F01008B5B08 /* Camera.cpp */; };
		B05052652DDA8A3F00C81331 /* Character.cpp in Sources */ = {isa = PBXBuildFile; fileRef = B002CC652DDA3D3100654639 /* Character.cpp */; };
		B05052662DDA8A3F00C81331 /* Collider.cpp in Sources */ = {isa = PBXBuildFile; fileRef = B0152B052DBD6F01008B5B08 /* Collider.cpp */; };
		B05052672DDA8A3F00C81331 /* Component.cpp in Sources */ = {isa = PBXBuildFile; fileRef = B002CC672DDA3D3100654639 /* Component.cpp */; };
		B05052682DDA8A3F00C81331 /* EndState.cpp in Sources */ = {isa = PBXBuildFile; fileRef = B0152AFF2DBD6F01008B5B08 /* EndState.cpp */; };
		B05052692DDA8A3F00C81331 /* Game.cpp in Sources */ = {isa = PBXBuildFile; fileRef = B002CC812DDA3D3100654639 /* Game.cpp */; };
		B050526A2DDA8A3F00C81331 /* GameData.cpp in Sources */ = {isa = PBXBuildFile; fileRef = B0152AFE2DBD6F01008B5B08 /* GameData.cpp */; };
		B050526B2DDA8A3F00C81331 /* GameObject.cpp in Sources */ = {isa = PBXBuildFile; fileRef = B002CC642DDA3D3100654639 /* GameObject.cpp */; };
		B050526C2DDA8A3F00C81331 /* Gun.cpp in Sources */ = {isa = PBXBuildFile; fileRef = B0152B062DBD6F02008B5B08 /* Gun.cpp */; };
		B050526D2DDA8A3F00C81331 /* HUD.cpp in Sources */ = {isa = PBXBuildFile; fileRef = B002CC7D2DDA3D3100654639 /* HUD.cpp */; };
		B050526E2DDA8A3F00C81331 /* InputManager.cpp in Sources */ = {isa = PBXBuildFile; fileRef = B0152AF32DBD6F00008B5B08 /* InputManager.cpp */; };
		B05052702DDA8A3F00C81331 /* Item.cpp in Sources */ = {isa = PBXBuildFile; fileRef = B094C2552DC41B6B00463219 /* Item.cpp */; };
		B05052722DDA8A3F00C81331 /* Music.cpp in Sources */ = {isa = PBXBuildFile; fileRef = B002CC702DDA3D3100654639 /* Music.cpp */; };
		B05052732DDA8A3F00C81331 /* PlayerController.cpp in Sources */ = {isa = PBXBuildFile; fileRef = B0152B012DBD6F01008B5B08 /* PlayerController.cpp */; };
		B05052742DDA8A3F00C81331 /* Rect.cpp in Sources */ = {isa = PBXBuildFile; fileRef = B002CC742DDA3D3100654639 /* Rect.cpp */; };
		B05052752DDA8A3F00C81331 /* Resources.cpp in Sources */ = {isa = PBXBuildFile; fileRef = B0152B032DBD6F01008B5B08 /* Resources.cpp */; };
		B05052762DDA8A3F00C81331 /* Sound.cpp in Sources */ = {isa = PBXBuildFile; fileRef = B002CC772DDA3D3100654639 /* Sound.cpp */; };
		B05052772DDA8A3F00C81331 /* Sprite.cpp in Sources */ = {isa = PBXBuildFile; fileRef = B0152B0B2DBD6F02008B5B08 /* Sprite.cpp */; };
		B05052782DDA8A3F00C81331 /* SpriteRenderer.cpp in Sources */ = {isa = PBXBuildFile; fileRef = B002CC6F2DDA3D3100654639 /* SpriteRenderer.cpp */; };
		B05052792DDA8A3F00C81331 /* StageState.cpp in Sources */ = {isa = PBXBuildFile; fileRef = B0152AEC2DBD6EFF008B5B08 /* StageState.cpp */; };
		B050527A2DDA8A3F00C81331 /* State.cpp in Sources */ = {isa = PBXBuildFile; fileRef = B002CC6A2DDA3D3100654639 /* State.cpp */; };
		B050527B2DDA8A3F00C81331 /* Text.cpp in Sources */ = {isa = PBXBuildFile; fileRef = B0152AEF2DBD6EFF008B5B08 /* Text.cpp */; };
		B050527C2DDA8A3F00C81331 /* Tile.cpp in Sources */ = {isa = PBXBuildFile; fileRef = B002CC792DDA3D3100654639 /* Tile.cpp */; };
		B050527D2DDA8A3F00C81331 /* TileMap.cpp in Sources */ = {isa = PBXBuildFile; fileRef = B0152B002DBD6F01008B5B08 /* TileMap.cpp */; };
		B050527E2DDA8A3F00C81331 /* TileSet.cpp in Sources */ = {isa = PBXBuildFile; fileRef = B002CC5E2DDA3D3100654639 /* TileSet.cpp */; };
		B050527F2DDA8A3F00C81331 /* Timer.cpp in Sources */ = {isa = PBXBuildFile; fileRef = B0152AF72DBD6F00008B5B08 /* Timer.cpp */; };
		B05052802DDA8A3F00C81331 /* TitleState.cpp in Sources */ = {isa = PBXBuildFile; fileRef = B002CC622DDA3D3100654639 /* TitleState.cpp */; };
		B05052812DDA8A3F00C81331 /* Vec2.cpp in Sources */ = {isa = PBXBuildFile; fileRef = B0152B042DBD6F01008B5B08 /* Vec2.cpp */; };
		B05052842DDA8A3F00C81331 /* Zombie.cpp in Sources */ = {isa = PBXBuildFile; fileRef = B002CC6E2DDA3D3100654639 /* Zombie.cpp */; };
		B05052872DDA944B00C81331 /* ItemData.cpp in Sources */ = {isa = PBXBuildFile; fileRef = B05052852DDA944B00C81331 /* ItemData.cpp */; };
		B07824BF2E11D31E0020621D /* KeyBindingManager.cpp in Sources */ = {isa = PBXBuildFile; fileRef = B07824BC2E11D31E0020621D /* KeyBindingManager.cpp */; };
		B07824C02E11D31E0020621D /* OptionsState.cpp in Sources */ = {isa = PBXBuildFile; fileRef = B07824BD2E11D31E0020621D /* OptionsState.cpp */; };
		B07824C12E11D31E0020621D /* PauseState.cpp in Sources */ = {isa = PBXBuildFile; fileRef = B07824BE2E11D31E0020621D /* PauseState.cpp */; };
		B080ED452E1EE0B5001731B1 /* DialogState.cpp in Sources */ = {isa = PBXBuildFile; fileRef = B080ED432E1EE0B4001731B1 /* DialogState.cpp */; };
		B080ED462E1EE0B5001731B1 /* NPC.cpp in Sources */ = {isa = PBXBuildFile; fileRef = B080ED442E1EE0B5001731B1 /* NPC.cpp */; };
		B084BA1E2DE0D17A006946A3 /* DrawState.cpp in Sources */ = {isa = PBXBuildFile; fileRef = B084BA1C2DE0D17A006946A3 /* DrawState.cpp */; };
		B084BA1F2DE0D17A006946A3 /* NotebookState.cpp in Sources */ = {isa = PBXBuildFile; fileRef = B084BA1D2DE0D17A006946A3 /* NotebookState.cpp */; };
		B084BA232DE0D198006946A3 /* main.cpp in Sources */ = {isa = PBXBuildFile; fileRef = B084BA222DE0D198006946A3 /* main.cpp */; };
		B0E2385A2E25C7A70093D1BF /* DetectionZone.cpp in Sources */ = {isa = PBXBuildFile; fileRef = B0E238592E25C7A70093D1BF /* DetectionZone.cpp */; };
		B0E238632E25D84A0093D1BF /* MusicManager.cpp in Sources */ = {isa = PBXBuildFile; fileRef = B0E238612E25D84A0093D1BF /* MusicManager.cpp */; };
/* End PBXBuildFile section */

/* Begin PBXCopyFilesBuildPhase section */
		B0152A8C2DBD3E11008B5B08 /* CopyFiles */ = {
			isa = PBXCopyFilesBuildPhase;
			buildActionMask = 2147483647;
			dstPath = /usr/share/man/man1/;
			dstSubfolderSpec = 0;
			files = (
			);
			runOnlyForDeploymentPostprocessing = 1;
		};
		B0152AA82DBD48DC008B5B08 /* Embed Frameworks */ = {
			isa = PBXCopyFilesBuildPhase;
			buildActionMask = 2147483647;
			dstPath = "";
			dstSubfolderSpec = 10;
			files = (
				B0152AA72DBD48DC008B5B08 /* SDL2_image.framework in Embed Frameworks */,
				B0152AAC2DBD48DE008B5B08 /* SDL2_ttf.framework in Embed Frameworks */,
				B0152AAA2DBD48DD008B5B08 /* SDL2_mixer.framework in Embed Frameworks */,
				B0152AAE2DBD48E0008B5B08 /* SDL2.framework in Embed Frameworks */,
			);
			name = "Embed Frameworks";
			runOnlyForDeploymentPostprocessing = 0;
		};
/* End PBXCopyFilesBuildPhase section */

/* Begin PBXFileReference section */
		B002CBE42DC431C200654639 /* InventoryItem.cpp */ = {isa = PBXFileReference; fileEncoding = 4; lastKnownFileType = sourcecode.cpp.cpp; path = InventoryItem.cpp; sourceTree = "<group>"; };
		B002CBFC2DD8E36500654639 /* pixel.png */ = {isa = PBXFileReference; lastKnownFileType = image.png; path = pixel.png; sourceTree = "<group>"; };
		B002CBFD2DD8E36500654639 /* caderno.png */ = {isa = PBXFileReference; lastKnownFileType = image.png; path = caderno.png; sourceTree = "<group>"; };
		B002CBFE2DD8E36500654639 /* habilidades.png */ = {isa = PBXFileReference; lastKnownFileType = image.png; path = habilidades.png; sourceTree = "<group>"; };
		B002CBFF2DD8E36500654639 /* minikit.png */ = {isa = PBXFileReference; lastKnownFileType = image.png; path = minikit.png; sourceTree = "<group>"; };
		B002CC002DD8E36500654639 /* bonequinho.png */ = {isa = PBXFileReference; lastKnownFileType = image.png; path = bonequinho.png; sourceTree = "<group>"; };
		B002CC012DD8E36500654639 /* Tileset_teste.png */ = {isa = PBXFileReference; lastKnownFileType = image.png; path = Tileset_teste.png; sourceTree = "<group>"; };
		B002CC022DD8E36500654639 /* boneco.png */ = {isa = PBXFileReference; lastKnownFileType = image.png; path = boneco.png; sourceTree = "<group>"; };
		B002CC032DD8E36500654639 /* spray run test.png */ = {isa = PBXFileReference; lastKnownFileType = image.png; path = "spray run test.png"; sourceTree = "<group>"; };
		B002CC042DD8E38200654639 /* Button.cpp */ = {isa = PBXFileReference; lastKnownFileType = sourcecode.cpp.cpp; path = Button.cpp; sourceTree = "<group>"; };
		B002CC052DD8E38200654639 /* CadernoState.cpp */ = {isa = PBXFileReference; lastKnownFileType = sourcecode.cpp.cpp; path = CadernoState.cpp; sourceTree = "<group>"; };
		B002CC082DD8E39D00654639 /* map_test_tileset.txt */ = {isa = PBXFileReference; lastKnownFileType = text; path = map_test_tileset.txt; sourceTree = "<group>"; };
		B002CC092DD8E3AC00654639 /* lego-star-wars-minikit.mp3 */ = {isa = PBXFileReference; lastKnownFileType = audio.mp3; path = "lego-star-wars-minikit.mp3"; sourceTree = "<group>"; };
		B002CC352DDA3D1800654639 /* Tile.hpp */ = {isa = PBXFileReference; fileEncoding = 4; lastKnownFileType = sourcecode.cpp.h; path = Tile.hpp; sourceTree = "<group>"; };
		B002CC362DDA3D1800654639 /* TileMap.hpp */ = {isa = PBXFileReference; fileEncoding = 4; lastKnownFileType = sourcecode.cpp.h; path = TileMap.hpp; sourceTree = "<group>"; };
		B002CC372DDA3D1800654639 /* HUD.hpp */ = {isa = PBXFileReference; fileEncoding = 4; lastKnownFileType = sourcecode.cpp.h; path = HUD.hpp; sourceTree = "<group>"; };
		B002CC382DDA3D1800654639 /* Bullet.hpp */ = {isa = PBXFileReference; fileEncoding = 4; lastKnownFileType = sourcecode.cpp.h; path = Bullet.hpp; sourceTree = "<group>"; };
		B002CC392DDA3D1800654639 /* Collider.hpp */ = {isa = PBXFileReference; fileEncoding = 4; lastKnownFileType = sourcecode.cpp.h; path = Collider.hpp; sourceTree = "<group>"; };
		B002CC3A2DDA3D1800654639 /* Vec2.hpp */ = {isa = PBXFileReference; fileEncoding = 4; lastKnownFileType = sourcecode.cpp.h; path = Vec2.hpp; sourceTree = "<group>"; };
		B002CC3B2DDA3D1800654639 /* GameData.hpp */ = {isa = PBXFileReference; fileEncoding = 4; lastKnownFileType = sourcecode.cpp.h; path = GameData.hpp; sourceTree = "<group>"; };
		B002CC3C2DDA3D1800654639 /* Collision.hpp */ = {isa = PBXFileReference; fileEncoding = 4; lastKnownFileType = sourcecode.cpp.h; path = Collision.hpp; sourceTree = "<group>"; };
		B002CC3D2DDA3D1800654639 /* Game.hpp */ = {isa = PBXFileReference; fileEncoding = 4; lastKnownFileType = sourcecode.cpp.h; path = Game.hpp; sourceTree = "<group>"; };
		B002CC3E2DDA3D1800654639 /* Music.hpp */ = {isa = PBXFileReference; fileEncoding = 4; lastKnownFileType = sourcecode.cpp.h; path = Music.hpp; sourceTree = "<group>"; };
		B002CC3F2DDA3D1800654639 /* InputManager.hpp */ = {isa = PBXFileReference; fileEncoding = 4; lastKnownFileType = sourcecode.cpp.h; path = InputManager.hpp; sourceTree = "<group>"; };
		B002CC402DDA3D1800654639 /* Animation.hpp */ = {isa = PBXFileReference; fileEncoding = 4; lastKnownFileType = sourcecode.cpp.h; path = Animation.hpp; sourceTree = "<group>"; };
		B002CC412DDA3D1800654639 /* EndState.hpp */ = {isa = PBXFileReference; fileEncoding = 4; lastKnownFileType = sourcecode.cpp.h; path = EndState.hpp; sourceTree = "<group>"; };
		B002CC422DDA3D1800654639 /* Rect.hpp */ = {isa = PBXFileReference; fileEncoding = 4; lastKnownFileType = sourcecode.cpp.h; path = Rect.hpp; sourceTree = "<group>"; };
		B002CC442DDA3D1800654639 /* Animator.hpp */ = {isa = PBXFileReference; fileEncoding = 4; lastKnownFileType = sourcecode.cpp.h; path = Animator.hpp; sourceTree = "<group>"; };
		B002CC452DDA3D1800654639 /* Sound.hpp */ = {isa = PBXFileReference; fileEncoding = 4; lastKnownFileType = sourcecode.cpp.h; path = Sound.hpp; sourceTree = "<group>"; };
		B002CC462DDA3D1800654639 /* Gun.hpp */ = {isa = PBXFileReference; fileEncoding = 4; lastKnownFileType = sourcecode.cpp.h; path = Gun.hpp; sourceTree = "<group>"; };
		B002CC472DDA3D1800654639 /* Character.hpp */ = {isa = PBXFileReference; fileEncoding = 4; lastKnownFileType = sourcecode.cpp.h; path = Character.hpp; sourceTree = "<group>"; };
		B002CC492DDA3D1800654639 /* GameObject.hpp */ = {isa = PBXFileReference; fileEncoding = 4; lastKnownFileType = sourcecode.cpp.h; path = GameObject.hpp; sourceTree = "<group>"; };
		B002CC4A2DDA3D1800654639 /* Component.hpp */ = {isa = PBXFileReference; fileEncoding = 4; lastKnownFileType = sourcecode.cpp.h; path = Component.hpp; sourceTree = "<group>"; };
		B002CC4B2DDA3D1800654639 /* Sprite.hpp */ = {isa = PBXFileReference; fileEncoding = 4; lastKnownFileType = sourcecode.cpp.h; path = Sprite.hpp; sourceTree = "<group>"; };
		B002CC4C2DDA3D1800654639 /* Timer.hpp */ = {isa = PBXFileReference; fileEncoding = 4; lastKnownFileType = sourcecode.cpp.h; path = Timer.hpp; sourceTree = "<group>"; };
		B002CC4D2DDA3D1800654639 /* State.hpp */ = {isa = PBXFileReference; fileEncoding = 4; lastKnownFileType = sourcecode.cpp.h; path = State.hpp; sourceTree = "<group>"; };
		B002CC4F2DDA3D1800654639 /* Item.hpp */ = {isa = PBXFileReference; fileEncoding = 4; lastKnownFileType = sourcecode.cpp.h; path = Item.hpp; sourceTree = "<group>"; };
		B002CC502DDA3D1800654639 /* Resources.hpp */ = {isa = PBXFileReference; fileEncoding = 4; lastKnownFileType = sourcecode.cpp.h; path = Resources.hpp; sourceTree = "<group>"; };
		B002CC512DDA3D1800654639 /* SpriteRenderer.hpp */ = {isa = PBXFileReference; fileEncoding = 4; lastKnownFileType = sourcecode.cpp.h; path = SpriteRenderer.hpp; sourceTree = "<group>"; };
		B002CC522DDA3D1800654639 /* Zombie.hpp */ = {isa = PBXFileReference; fileEncoding = 4; lastKnownFileType = sourcecode.cpp.h; path = Zombie.hpp; sourceTree = "<group>"; };
		B002CC542DDA3D1800654639 /* StageState.hpp */ = {isa = PBXFileReference; fileEncoding = 4; lastKnownFileType = sourcecode.cpp.h; path = StageState.hpp; sourceTree = "<group>"; };
		B002CC552DDA3D1800654639 /* TileSet.hpp */ = {isa = PBXFileReference; fileEncoding = 4; lastKnownFileType = sourcecode.cpp.h; path = TileSet.hpp; sourceTree = "<group>"; };
		B002CC562DDA3D1800654639 /* PlayerController.hpp */ = {isa = PBXFileReference; fileEncoding = 4; lastKnownFileType = sourcecode.cpp.h; path = PlayerController.hpp; sourceTree = "<group>"; };
		B002CC572DDA3D1800654639 /* Button.hpp */ = {isa = PBXFileReference; fileEncoding = 4; lastKnownFileType = sourcecode.cpp.h; path = Button.hpp; sourceTree = "<group>"; };
		B002CC582DDA3D1800654639 /* Text.hpp */ = {isa = PBXFileReference; fileEncoding = 4; lastKnownFileType = sourcecode.cpp.h; path = Text.hpp; sourceTree = "<group>"; };
		B002CC592DDA3D1800654639 /* TitleState.hpp */ = {isa = PBXFileReference; fileEncoding = 4; lastKnownFileType = sourcecode.cpp.h; path = TitleState.hpp; sourceTree = "<group>"; };
		B002CC5A2DDA3D1800654639 /* Camera.hpp */ = {isa = PBXFileReference; fileEncoding = 4; lastKnownFileType = sourcecode.cpp.h; path = Camera.hpp; sourceTree = "<group>"; };
		B002CC5E2DDA3D3100654639 /* TileSet.cpp */ = {isa = PBXFileReference; fileEncoding = 4; lastKnownFileType = sourcecode.cpp.cpp; path = TileSet.cpp; sourceTree = "<group>"; };
		B002CC622DDA3D3100654639 /* TitleState.cpp */ = {isa = PBXFileReference; fileEncoding = 4; lastKnownFileType = sourcecode.cpp.cpp; path = TitleState.cpp; sourceTree = "<group>"; };
		B002CC642DDA3D3100654639 /* GameObject.cpp */ = {isa = PBXFileReference; fileEncoding = 4; lastKnownFileType = sourcecode.cpp.cpp; path = GameObject.cpp; sourceTree = "<group>"; };
		B002CC652DDA3D3100654639 /* Character.cpp */ = {isa = PBXFileReference; fileEncoding = 4; lastKnownFileType = sourcecode.cpp.cpp; path = Character.cpp; sourceTree = "<group>"; };
		B002CC672DDA3D3100654639 /* Component.cpp */ = {isa = PBXFileReference; fileEncoding = 4; lastKnownFileType = sourcecode.cpp.cpp; path = Component.cpp; sourceTree = "<group>"; };
		B002CC6A2DDA3D3100654639 /* State.cpp */ = {isa = PBXFileReference; fileEncoding = 4; lastKnownFileType = sourcecode.cpp.cpp; path = State.cpp; sourceTree = "<group>"; };
		B002CC6E2DDA3D3100654639 /* Zombie.cpp */ = {isa = PBXFileReference; fileEncoding = 4; lastKnownFileType = sourcecode.cpp.cpp; path = Zombie.cpp; sourceTree = "<group>"; };
		B002CC6F2DDA3D3100654639 /* SpriteRenderer.cpp */ = {isa = PBXFileReference; fileEncoding = 4; lastKnownFileType = sourcecode.cpp.cpp; path = SpriteRenderer.cpp; sourceTree = "<group>"; };
		B002CC702DDA3D3100654639 /* Music.cpp */ = {isa = PBXFileReference; fileEncoding = 4; lastKnownFileType = sourcecode.cpp.cpp; path = Music.cpp; sourceTree = "<group>"; };
		B002CC722DDA3D3100654639 /* Animation.cpp */ = {isa = PBXFileReference; fileEncoding = 4; lastKnownFileType = sourcecode.cpp.cpp; path = Animation.cpp; sourceTree = "<group>"; };
		B002CC742DDA3D3100654639 /* Rect.cpp */ = {isa = PBXFileReference; fileEncoding = 4; lastKnownFileType = sourcecode.cpp.cpp; path = Rect.cpp; sourceTree = "<group>"; };
		B002CC772DDA3D3100654639 /* Sound.cpp */ = {isa = PBXFileReference; fileEncoding = 4; lastKnownFileType = sourcecode.cpp.cpp; path = Sound.cpp; sourceTree = "<group>"; };
		B002CC792DDA3D3100654639 /* Tile.cpp */ = {isa = PBXFileReference; fileEncoding = 4; lastKnownFileType = sourcecode.cpp.cpp; path = Tile.cpp; sourceTree = "<group>"; };
		B002CC7C2DDA3D3100654639 /* Bullet.cpp */ = {isa = PBXFileReference; fileEncoding = 4; lastKnownFileType = sourcecode.cpp.cpp; path = Bullet.cpp; sourceTree = "<group>"; };
		B002CC7D2DDA3D3100654639 /* HUD.cpp */ = {isa = PBXFileReference; fileEncoding = 4; lastKnownFileType = sourcecode.cpp.cpp; path = HUD.cpp; sourceTree = "<group>"; };
		B002CC812DDA3D3100654639 /* Game.cpp */ = {isa = PBXFileReference; fileEncoding = 4; lastKnownFileType = sourcecode.cpp.cpp; path = Game.cpp; sourceTree = "<group>"; };
		B002CCCE2DDA7FA900654639 /* minikitHud.png */ = {isa = PBXFileReference; lastKnownFileType = image.png; name = minikitHud.png; path = Recursos/img/minikitHud.png; sourceTree = SOURCE_ROOT; };
		B0152A8E2DBD3E11008B5B08 /* hhj */ = {isa = PBXFileReference; explicitFileType = "compiled.mach-o.executable"; includeInIndex = 0; path = hhj; sourceTree = BUILT_PRODUCTS_DIR; };
		B0152A982DBD3EA4008B5B08 /* CMakeLists.txt */ = {isa = PBXFileReference; fileEncoding = 4; lastKnownFileType = text; path = CMakeLists.txt; sourceTree = "<group>"; };
		B0152A9A2DBD3EA4008B5B08 /* README.md */ = {isa = PBXFileReference; fileEncoding = 4; lastKnownFileType = net.daringfireball.markdown; path = README.md; sourceTree = "<group>"; };
		B0152A9E2DBD4864008B5B08 /* SDL2.framework */ = {isa = PBXFileReference; lastKnownFileType = wrapper.framework; name = SDL2.framework; path = ../../../../../../Library/Frameworks/SDL2.framework; sourceTree = "<group>"; };
		B0152A9F2DBD4864008B5B08 /* SDL2_mixer.framework */ = {isa = PBXFileReference; lastKnownFileType = wrapper.framework; name = SDL2_mixer.framework; path = ../../../../../../Library/Frameworks/SDL2_mixer.framework; sourceTree = "<group>"; };
		B0152AA02DBD4864008B5B08 /* SDL2_image.framework */ = {isa = PBXFileReference; lastKnownFileType = wrapper.framework; name = SDL2_image.framework; path = ../../../../../../Library/Frameworks/SDL2_image.framework; sourceTree = "<group>"; };
		B0152AA12DBD4864008B5B08 /* SDL2_ttf.framework */ = {isa = PBXFileReference; lastKnownFileType = wrapper.framework; name = SDL2_ttf.framework; path = ../../../../../../Library/Frameworks/SDL2_ttf.framework; sourceTree = "<group>"; };
		B0152AB92DBD57ED008B5B08 /* Character.hpp */ = {isa = PBXFileReference; fileEncoding = 4; lastKnownFileType = sourcecode.cpp.h; path = Character.hpp; sourceTree = "<group>"; };
		B0152ABA2DBD57ED008B5B08 /* Animation.hpp */ = {isa = PBXFileReference; fileEncoding = 4; lastKnownFileType = sourcecode.cpp.h; path = Animation.hpp; sourceTree = "<group>"; };
		B0152AC22DBD57EE008B5B08 /* Tile.hpp */ = {isa = PBXFileReference; fileEncoding = 4; lastKnownFileType = sourcecode.cpp.h; path = Tile.hpp; sourceTree = "<group>"; };
		B0152AC52DBD57EE008B5B08 /* Rect.hpp */ = {isa = PBXFileReference; fileEncoding = 4; lastKnownFileType = sourcecode.cpp.h; path = Rect.hpp; sourceTree = "<group>"; };
		B0152ACA2DBD57EE008B5B08 /* SpriteRenderer.hpp */ = {isa = PBXFileReference; fileEncoding = 4; lastKnownFileType = sourcecode.cpp.h; path = SpriteRenderer.hpp; sourceTree = "<group>"; };
		B0152ACB2DBD57EE008B5B08 /* EndState.hpp */ = {isa = PBXFileReference; fileEncoding = 4; lastKnownFileType = sourcecode.cpp.h; path = EndState.hpp; sourceTree = "<group>"; };
		B0152ACE2DBD57EE008B5B08 /* TitleState.hpp */ = {isa = PBXFileReference; fileEncoding = 4; lastKnownFileType = sourcecode.cpp.h; path = TitleState.hpp; sourceTree = "<group>"; };
		B0152AD02DBD57EF008B5B08 /* Gun.hpp */ = {isa = PBXFileReference; fileEncoding = 4; lastKnownFileType = sourcecode.cpp.h; path = Gun.hpp; sourceTree = "<group>"; };
		B0152AEC2DBD6EFF008B5B08 /* StageState.cpp */ = {isa = PBXFileReference; fileEncoding = 4; lastKnownFileType = sourcecode.cpp.cpp; path = StageState.cpp; sourceTree = "<group>"; };
		B0152AED2DBD6EFF008B5B08 /* Zombie.cpp */ = {isa = PBXFileReference; fileEncoding = 4; lastKnownFileType = sourcecode.cpp.cpp; path = Zombie.cpp; sourceTree = "<group>"; };
		B0152AEE2DBD6EFF008B5B08 /* Animator.cpp */ = {isa = PBXFileReference; fileEncoding = 4; lastKnownFileType = sourcecode.cpp.cpp; path = Animator.cpp; sourceTree = "<group>"; };
		B0152AEF2DBD6EFF008B5B08 /* Text.cpp */ = {isa = PBXFileReference; fileEncoding = 4; lastKnownFileType = sourcecode.cpp.cpp; path = Text.cpp; sourceTree = "<group>"; };
		B0152AF02DBD6EFF008B5B08 /* Tile.cpp */ = {isa = PBXFileReference; fileEncoding = 4; lastKnownFileType = sourcecode.cpp.cpp; path = Tile.cpp; sourceTree = "<group>"; };
		B0152AF12DBD6F00008B5B08 /* SpriteRenderer.cpp */ = {isa = PBXFileReference; fileEncoding = 4; lastKnownFileType = sourcecode.cpp.cpp; path = SpriteRenderer.cpp; sourceTree = "<group>"; };
		B0152AF32DBD6F00008B5B08 /* InputManager.cpp */ = {isa = PBXFileReference; fileEncoding = 4; lastKnownFileType = sourcecode.cpp.cpp; path = InputManager.cpp; sourceTree = "<group>"; };
		B0152AF42DBD6F00008B5B08 /* Sound.cpp */ = {isa = PBXFileReference; fileEncoding = 4; lastKnownFileType = sourcecode.cpp.cpp; path = Sound.cpp; sourceTree = "<group>"; };
		B0152AF52DBD6F00008B5B08 /* Animation.cpp */ = {isa = PBXFileReference; fileEncoding = 4; lastKnownFileType = sourcecode.cpp.cpp; path = Animation.cpp; sourceTree = "<group>"; };
		B0152AF62DBD6F00008B5B08 /* Game.cpp */ = {isa = PBXFileReference; fileEncoding = 4; lastKnownFileType = sourcecode.cpp.cpp; path = Game.cpp; sourceTree = "<group>"; };
		B0152AF72DBD6F00008B5B08 /* Timer.cpp */ = {isa = PBXFileReference; fileEncoding = 4; lastKnownFileType = sourcecode.cpp.cpp; path = Timer.cpp; sourceTree = "<group>"; };
		B0152AF92DBD6F00008B5B08 /* Rect.cpp */ = {isa = PBXFileReference; fileEncoding = 4; lastKnownFileType = sourcecode.cpp.cpp; path = Rect.cpp; sourceTree = "<group>"; };
		B0152AFA2DBD6F00008B5B08 /* TitleState.cpp */ = {isa = PBXFileReference; fileEncoding = 4; lastKnownFileType = sourcecode.cpp.cpp; path = TitleState.cpp; sourceTree = "<group>"; };
		B0152AFB2DBD6F01008B5B08 /* Camera.cpp */ = {isa = PBXFileReference; fileEncoding = 4; lastKnownFileType = sourcecode.cpp.cpp; path = Camera.cpp; sourceTree = "<group>"; };
		B0152AFC2DBD6F01008B5B08 /* State.cpp */ = {isa = PBXFileReference; fileEncoding = 4; lastKnownFileType = sourcecode.cpp.cpp; path = State.cpp; sourceTree = "<group>"; };
		B0152AFD2DBD6F01008B5B08 /* Wave.cpp */ = {isa = PBXFileReference; fileEncoding = 4; lastKnownFileType = sourcecode.cpp.cpp; path = Wave.cpp; sourceTree = "<group>"; };
		B0152AFE2DBD6F01008B5B08 /* GameData.cpp */ = {isa = PBXFileReference; fileEncoding = 4; lastKnownFileType = sourcecode.cpp.cpp; path = GameData.cpp; sourceTree = "<group>"; };
		B0152AFF2DBD6F01008B5B08 /* EndState.cpp */ = {isa = PBXFileReference; fileEncoding = 4; lastKnownFileType = sourcecode.cpp.cpp; path = EndState.cpp; sourceTree = "<group>"; };
		B0152B002DBD6F01008B5B08 /* TileMap.cpp */ = {isa = PBXFileReference; fileEncoding = 4; lastKnownFileType = sourcecode.cpp.cpp; path = TileMap.cpp; sourceTree = "<group>"; };
		B0152B012DBD6F01008B5B08 /* PlayerController.cpp */ = {isa = PBXFileReference; fileEncoding = 4; lastKnownFileType = sourcecode.cpp.cpp; path = PlayerController.cpp; sourceTree = "<group>"; };
		B0152B022DBD6F01008B5B08 /* Bullet.cpp */ = {isa = PBXFileReference; fileEncoding = 4; lastKnownFileType = sourcecode.cpp.cpp; path = Bullet.cpp; sourceTree = "<group>"; };
		B0152B032DBD6F01008B5B08 /* Resources.cpp */ = {isa = PBXFileReference; fileEncoding = 4; lastKnownFileType = sourcecode.cpp.cpp; path = Resources.cpp; sourceTree = "<group>"; };
		B0152B042DBD6F01008B5B08 /* Vec2.cpp */ = {isa = PBXFileReference; fileEncoding = 4; lastKnownFileType = sourcecode.cpp.cpp; path = Vec2.cpp; sourceTree = "<group>"; };
		B0152B052DBD6F01008B5B08 /* Collider.cpp */ = {isa = PBXFileReference; fileEncoding = 4; lastKnownFileType = sourcecode.cpp.cpp; path = Collider.cpp; sourceTree = "<group>"; };
		B0152B062DBD6F02008B5B08 /* Gun.cpp */ = {isa = PBXFileReference; fileEncoding = 4; lastKnownFileType = sourcecode.cpp.cpp; path = Gun.cpp; sourceTree = "<group>"; };
		B0152B072DBD6F02008B5B08 /* Music.cpp */ = {isa = PBXFileReference; fileEncoding = 4; lastKnownFileType = sourcecode.cpp.cpp; path = Music.cpp; sourceTree = "<group>"; };
		B0152B082DBD6F02008B5B08 /* TileSet.cpp */ = {isa = PBXFileReference; fileEncoding = 4; lastKnownFileType = sourcecode.cpp.cpp; path = TileSet.cpp; sourceTree = "<group>"; };
		B0152B092DBD6F02008B5B08 /* Character.cpp */ = {isa = PBXFileReference; fileEncoding = 4; lastKnownFileType = sourcecode.cpp.cpp; path = Character.cpp; sourceTree = "<group>"; };
		B0152B0A2DBD6F02008B5B08 /* Component.cpp */ = {isa = PBXFileReference; fileEncoding = 4; lastKnownFileType = sourcecode.cpp.cpp; path = Component.cpp; sourceTree = "<group>"; };
		B0152B0B2DBD6F02008B5B08 /* Sprite.cpp */ = {isa = PBXFileReference; fileEncoding = 4; lastKnownFileType = sourcecode.cpp.cpp; path = Sprite.cpp; sourceTree = "<group>"; };
		B0152B0C2DBD6F02008B5B08 /* GameObject.cpp */ = {isa = PBXFileReference; fileEncoding = 4; lastKnownFileType = sourcecode.cpp.cpp; path = GameObject.cpp; sourceTree = "<group>"; };
		B0152B542DBD8303008B5B08 /* Bullet.png */ = {isa = PBXFileReference; lastKnownFileType = image.png; path = Bullet.png; sourceTree = "<group>"; };
		B0152B552DBD8303008B5B08 /* Enemy.png */ = {isa = PBXFileReference; lastKnownFileType = image.png; path = Enemy.png; sourceTree = "<group>"; };
		B0152B562DBD8303008B5B08 /* Title.png */ = {isa = PBXFileReference; lastKnownFileType = image.png; path = Title.png; sourceTree = "<group>"; };
		B0152B572DBD8303008B5B08 /* Win.png */ = {isa = PBXFileReference; lastKnownFileType = image.png; path = Win.png; sourceTree = "<group>"; };
		B0152B582DBD8303008B5B08 /* Gun.png */ = {isa = PBXFileReference; lastKnownFileType = image.png; path = Gun.png; sourceTree = "<group>"; };
		B0152B592DBD8303008B5B08 /* Lose.png */ = {isa = PBXFileReference; lastKnownFileType = image.png; path = Lose.png; sourceTree = "<group>"; };
		B0152B5A2DBD8303008B5B08 /* Background.png */ = {isa = PBXFileReference; lastKnownFileType = image.png; path = Background.png; sourceTree = "<group>"; };
		B0152B5B2DBD8303008B5B08 /* NPC.png */ = {isa = PBXFileReference; lastKnownFileType = image.png; path = NPC.png; sourceTree = "<group>"; };
		B0152B5C2DBD8303008B5B08 /* Tileset.png */ = {isa = PBXFileReference; lastKnownFileType = image.png; path = Tileset.png; sourceTree = "<group>"; };
		B0152B5D2DBD8303008B5B08 /* Player.png */ = {isa = PBXFileReference; lastKnownFileType = image.png; path = Player.png; sourceTree = "<group>"; };
		B0152B5F2DBD8303008B5B08 /* map.txt */ = {isa = PBXFileReference; fileEncoding = 4; lastKnownFileType = text; path = map.txt; sourceTree = "<group>"; };
		B0152B602DBD8303008B5B08 /* map_vertical.txt */ = {isa = PBXFileReference; fileEncoding = 4; lastKnownFileType = text; path = map_vertical.txt; sourceTree = "<group>"; };
		B0152B612DBD8303008B5B08 /* map_test.txt */ = {isa = PBXFileReference; fileEncoding = 4; lastKnownFileType = text; path = map_test.txt; sourceTree = "<group>"; };
		B0152B632DBD8303008B5B08 /* neodgm.ttf */ = {isa = PBXFileReference; lastKnownFileType = file; path = neodgm.ttf; sourceTree = "<group>"; };
		B0152B652DBD8303008B5B08 /* Hit0.wav */ = {isa = PBXFileReference; lastKnownFileType = audio.wav; path = Hit0.wav; sourceTree = "<group>"; };
		B0152B662DBD8303008B5B08 /* Hit1.wav */ = {isa = PBXFileReference; lastKnownFileType = audio.wav; path = Hit1.wav; sourceTree = "<group>"; };
		B0152B672DBD8303008B5B08 /* BGM.wav */ = {isa = PBXFileReference; lastKnownFileType = audio.wav; path = BGM.wav; sourceTree = "<group>"; };
		B0152B682DBD8303008B5B08 /* Range.wav */ = {isa = PBXFileReference; lastKnownFileType = audio.wav; path = Range.wav; sourceTree = "<group>"; };
		B0152B692DBD8303008B5B08 /* endStateWin.ogg */ = {isa = PBXFileReference; lastKnownFileType = file; path = endStateWin.ogg; sourceTree = "<group>"; };
		B0152B6A2DBD8303008B5B08 /* PumpAction.mp3 */ = {isa = PBXFileReference; lastKnownFileType = audio.mp3; path = PumpAction.mp3; sourceTree = "<group>"; };
		B0152B6B2DBD8303008B5B08 /* endStateLose.ogg */ = {isa = PBXFileReference; lastKnownFileType = file; path = endStateLose.ogg; sourceTree = "<group>"; };
		B0152B6C2DBD8303008B5B08 /* Dead.wav */ = {isa = PBXFileReference; lastKnownFileType = audio.wav; path = Dead.wav; sourceTree = "<group>"; };
		B02179A62DE0D7FA00DD1357 /* bgm1.mp3 */ = {isa = PBXFileReference; lastKnownFileType = audio.mp3; name = bgm1.mp3; path = Recursos/audio/bgm1.mp3; sourceTree = SOURCE_ROOT; };
		B024D7012E14A910004D7CE4 /* tileset_1fase.png */ = {isa = PBXFileReference; lastKnownFileType = image.png; path = tileset_1fase.png; sourceTree = "<group>"; };
		B024D7022E14A910004D7CE4 /* tileset_1fase2.png */ = {isa = PBXFileReference; lastKnownFileType = image.png; path = tileset_1fase2.png; sourceTree = "<group>"; };
		B024D7032E14A910004D7CE4 /* vigilante.png */ = {isa = PBXFileReference; lastKnownFileType = image.png; path = vigilante.png; sourceTree = "<group>"; };
		B024D7042E14A910004D7CE4 /* spray_can.png */ = {isa = PBXFileReference; lastKnownFileType = image.png; path = spray_can.png; sourceTree = "<group>"; };
		B024D7052E14A911004D7CE4 /* Spritesheet 2.png */ = {isa = PBXFileReference; lastKnownFileType = image.png; path = "Spritesheet 2.png"; sourceTree = "<group>"; };
		B024D7062E14A911004D7CE4 /* tileset_1fase2_frente.png */ = {isa = PBXFileReference; lastKnownFileType = image.png; path = tileset_1fase2_frente.png; sourceTree = "<group>"; };
		B024D7072E14A911004D7CE4 /* tileset_1fase2_tras.png */ = {isa = PBXFileReference; lastKnownFileType = image.png; path = tileset_1fase2_tras.png; sourceTree = "<group>"; };
		B024D7082E14A911004D7CE4 /* check.png */ = {isa = PBXFileReference; lastKnownFileType = image.png; path = check.png; sourceTree = "<group>"; };
		B024D7092E14A9A4004D7CE4 /* Sprite Spray.png */ = {isa = PBXFileReference; lastKnownFileType = image.png; path = "Sprite Spray.png"; sourceTree = "<group>"; };
		B05052852DDA944B00C81331 /* ItemData.cpp */ = {isa = PBXFileReference; lastKnownFileType = sourcecode.cpp.cpp; path = ItemData.cpp; sourceTree = "<group>"; };
		B05052862DDA944B00C81331 /* ItemData.hpp */ = {isa = PBXFileReference; lastKnownFileType = sourcecode.cpp.h; path = ItemData.hpp; sourceTree = "<group>"; };
		B07824BC2E11D31E0020621D /* KeyBindingManager.cpp */ = {isa = PBXFileReference; fileEncoding = 4; lastKnownFileType = sourcecode.cpp.cpp; path = KeyBindingManager.cpp; sourceTree = "<group>"; };
		B07824BD2E11D31E0020621D /* OptionsState.cpp */ = {isa = PBXFileReference; fileEncoding = 4; lastKnownFileType = sourcecode.cpp.cpp; path = OptionsState.cpp; sourceTree = "<group>"; };
		B07824BE2E11D31E0020621D /* PauseState.cpp */ = {isa = PBXFileReference; fileEncoding = 4; lastKnownFileType = sourcecode.cpp.cpp; path = PauseState.cpp; sourceTree = "<group>"; };
		B07824C22E11D3300020621D /* PauseState.hpp */ = {isa = PBXFileReference; lastKnownFileType = sourcecode.cpp.h; path = PauseState.hpp; sourceTree = "<group>"; };
		B07824C32E11D3300020621D /* OptionsState.hpp */ = {isa = PBXFileReference; lastKnownFileType = sourcecode.cpp.h; path = OptionsState.hpp; sourceTree = "<group>"; };
		B07824C42E11D3300020621D /* KeyBindingManager.hpp */ = {isa = PBXFileReference; lastKnownFileType = sourcecode.cpp.h; path = KeyBindingManager.hpp; sourceTree = "<group>"; };
		B07824C62E11D5B90020621D /* INTERACOES */ = {isa = PBXFileReference; lastKnownFileType = folder; path = INTERACOES; sourceTree = "<group>"; };
		B07824C82E11D5B90020621D /* MOVIMENTOS */ = {isa = PBXFileReference; lastKnownFileType = folder; path = MOVIMENTOS; sourceTree = "<group>"; };
		B07824C92E11D5B90020621D /* PASSOS MOVIMENTOS DIVERSOS */ = {isa = PBXFileReference; lastKnownFileType = folder; path = "PASSOS MOVIMENTOS DIVERSOS"; sourceTree = "<group>"; };
		B07824CB2E11D5B90020621D /* CADERNO  */ = {isa = PBXFileReference; lastKnownFileType = folder; path = "CADERNO "; sourceTree = "<group>"; };
		B07824CE2E11D5B90020621D /* GRAFFITI */ = {isa = PBXFileReference; lastKnownFileType = folder; path = GRAFFITI; sourceTree = "<group>"; };
		B07824D02E11D62B0020621D /* UX */ = {isa = PBXFileReference; lastKnownFileType = folder; path = UX; sourceTree = "<group>"; };
		B07824D12E11D62B0020621D /* TRACKS */ = {isa = PBXFileReference; lastKnownFileType = folder; path = TRACKS; sourceTree = "<group>"; };
		B080ED432E1EE0B4001731B1 /* DialogState.cpp */ = {isa = PBXFileReference; fileEncoding = 4; lastKnownFileType = sourcecode.cpp.cpp; path = DialogState.cpp; sourceTree = "<group>"; };
		B080ED442E1EE0B5001731B1 /* NPC.cpp */ = {isa = PBXFileReference; fileEncoding = 4; lastKnownFileType = sourcecode.cpp.cpp; path = NPC.cpp; sourceTree = "<group>"; };
		B080ED472E1EE0C6001731B1 /* NPC.hpp */ = {isa = PBXFileReference; fileEncoding = 4; lastKnownFileType = sourcecode.cpp.h; name = NPC.hpp; path = include/NPC.hpp; sourceTree = SOURCE_ROOT; };
		B080ED482E1EE0C6001731B1 /* DialogState.hpp */ = {isa = PBXFileReference; fileEncoding = 4; lastKnownFileType = sourcecode.cpp.h; name = DialogState.hpp; path = include/DialogState.hpp; sourceTree = SOURCE_ROOT; };
		B080ED492E1EE8F1001731B1 /* GraffitiYouth-Regular.ttf */ = {isa = PBXFileReference; lastKnownFileType = file; name = "GraffitiYouth-Regular.ttf"; path = "Recursos/font/GraffitiYouth-Regular.ttf"; sourceTree = SOURCE_ROOT; };
		B080ED4A2E1EE8F1001731B1 /* KGPerfectPenmanship.ttf */ = {isa = PBXFileReference; lastKnownFileType = file; name = KGPerfectPenmanship.ttf; path = Recursos/font/KGPerfectPenmanship.ttf; sourceTree = SOURCE_ROOT; };
		B080ED4B2E1EE912001731B1 /* lata-verde.png */ = {isa = PBXFileReference; lastKnownFileType = image.png; name = "lata-verde.png"; path = "Recursos/img/lata-verde.png"; sourceTree = SOURCE_ROOT; };
		B080ED4C2E1EE912001731B1 /* Sprite Spray2_scaled.png */ = {isa = PBXFileReference; lastKnownFileType = image.png; name = "Sprite Spray2_scaled.png"; path = "Recursos/img/Sprite Spray2_scaled.png"; sourceTree = SOURCE_ROOT; };
		B080ED4D2E1EE912001731B1 /* Sprite Spray2.png */ = {isa = PBXFileReference; lastKnownFileType = image.png; name = "Sprite Spray2.png"; path = "Recursos/img/Sprite Spray2.png"; sourceTree = SOURCE_ROOT; };
		B080ED4E2E1EE912001731B1 /* lata-vermelha.png */ = {isa = PBXFileReference; lastKnownFileType = image.png; name = "lata-vermelha.png"; path = "Recursos/img/lata-vermelha.png"; sourceTree = SOURCE_ROOT; };
		B080ED4F2E1EE912001731B1 /* tileset_1fase2_frente_scaled.png */ = {isa = PBXFileReference; lastKnownFileType = image.png; name = tileset_1fase2_frente_scaled.png; path = Recursos/img/tileset_1fase2_frente_scaled.png; sourceTree = SOURCE_ROOT; };
		B080ED502E1EE912001731B1 /* hiphopjumper.png */ = {isa = PBXFileReference; lastKnownFileType = image.png; name = hiphopjumper.png; path = Recursos/img/hiphopjumper.png; sourceTree = SOURCE_ROOT; };
		B080ED512E1EE912001731B1 /* tileset_1fase2_tras_scaled.png */ = {isa = PBXFileReference; lastKnownFileType = image.png; name = tileset_1fase2_tras_scaled.png; path = Recursos/img/tileset_1fase2_tras_scaled.png; sourceTree = SOURCE_ROOT; };
		B080ED522E1EE912001731B1 /* rato.png */ = {isa = PBXFileReference; lastKnownFileType = image.png; name = rato.png; path = Recursos/img/rato.png; sourceTree = SOURCE_ROOT; };
		B080ED532E1EE912001731B1 /* lata-azul.png */ = {isa = PBXFileReference; lastKnownFileType = image.png; name = "lata-azul.png"; path = "Recursos/img/lata-azul.png"; sourceTree = SOURCE_ROOT; };
		B080ED542E1EE912001731B1 /* lata-cinza.png */ = {isa = PBXFileReference; lastKnownFileType = image.png; name = "lata-cinza.png"; path = "Recursos/img/lata-cinza.png"; sourceTree = SOURCE_ROOT; };
		B080ED552E1EE912001731B1 /* madeira.png */ = {isa = PBXFileReference; lastKnownFileType = image.png; name = madeira.png; path = Recursos/img/madeira.png; sourceTree = SOURCE_ROOT; };
		B080ED562E1EE912001731B1 /* avatar.png */ = {isa = PBXFileReference; lastKnownFileType = image.png; name = avatar.png; path = Recursos/img/avatar.png; sourceTree = SOURCE_ROOT; };
		B080ED582E22ED71001731B1 /* SOCO.png */ = {isa = PBXFileReference; lastKnownFileType = image.png; path = SOCO.png; sourceTree = "<group>"; };
		B080ED592E2306C5001731B1 /* spraysheet.png */ = {isa = PBXFileReference; lastKnownFileType = image.png; name = spraysheet.png; path = Recursos/img/spraysheet.png; sourceTree = SOURCE_ROOT; };
		B080ED5A2E2306C5001731B1 /* morte.png */ = {isa = PBXFileReference; lastKnownFileType = image.png; name = morte.png; path = Recursos/img/morte.png; sourceTree = SOURCE_ROOT; };
		B080ED5B2E2306C5001731B1 /* gota.png */ = {isa = PBXFileReference; lastKnownFileType = image.png; name = gota.png; path = Recursos/img/gota.png; sourceTree = SOURCE_ROOT; };
		B080ED5C2E2306C5001731B1 /* socospray.png */ = {isa = PBXFileReference; lastKnownFileType = image.png; name = socospray.png; path = Recursos/img/socospray.png; sourceTree = SOURCE_ROOT; };
		B084BA1C2DE0D17A006946A3 /* DrawState.cpp */ = {isa = PBXFileReference; fileEncoding = 4; lastKnownFileType = sourcecode.cpp.cpp; path = DrawState.cpp; sourceTree = "<group>"; };
		B084BA1D2DE0D17A006946A3 /* NotebookState.cpp */ = {isa = PBXFileReference; fileEncoding = 4; lastKnownFileType = sourcecode.cpp.cpp; path = NotebookState.cpp; sourceTree = "<group>"; };
		B084BA202DE0D18F006946A3 /* DrawState.hpp */ = {isa = PBXFileReference; fileEncoding = 4; lastKnownFileType = sourcecode.cpp.h; name = DrawState.hpp; path = include/DrawState.hpp; sourceTree = SOURCE_ROOT; };
		B084BA212DE0D18F006946A3 /* NotebookState.hpp */ = {isa = PBXFileReference; fileEncoding = 4; lastKnownFileType = sourcecode.cpp.h; name = NotebookState.hpp; path = include/NotebookState.hpp; sourceTree = SOURCE_ROOT; };
		B084BA222DE0D198006946A3 /* main.cpp */ = {isa = PBXFileReference; fileEncoding = 4; lastKnownFileType = sourcecode.cpp.cpp; path = main.cpp; sourceTree = SOURCE_ROOT; };
		B094C2532DC2C54B00463219 /* HUD.cpp */ = {isa = PBXFileReference; fileEncoding = 4; lastKnownFileType = sourcecode.cpp.cpp; path = HUD.cpp; sourceTree = "<group>"; };
		B094C2552DC41B6B00463219 /* Item.cpp */ = {isa = PBXFileReference; fileEncoding = 4; lastKnownFileType = sourcecode.cpp.cpp; path = Item.cpp; sourceTree = "<group>"; };
		B094C2572DC41B7D00463219 /* Item.hpp */ = {isa = PBXFileReference; fileEncoding = 4; lastKnownFileType = sourcecode.cpp.h; path = Item.hpp; sourceTree = "<group>"; };
		B0E238592E25C7A70093D1BF /* DetectionZone.cpp */ = {isa = PBXFileReference; fileEncoding = 4; lastKnownFileType = sourcecode.cpp.cpp; name = DetectionZone.cpp; path = src/DetectionZone.cpp; sourceTree = "<group>"; };
		B0E2385B2E25C7AF0093D1BF /* DetectionZone.hpp */ = {isa = PBXFileReference; fileEncoding = 4; lastKnownFileType = sourcecode.cpp.h; name = DetectionZone.hpp; path = include/DetectionZone.hpp; sourceTree = "<group>"; };
		B0E2385C2E25D7760093D1BF /* VigilanteCaminhadaCores.png */ = {isa = PBXFileReference; lastKnownFileType = image.png; path = VigilanteCaminhadaCores.png; sourceTree = "<group>"; };
		B0E2385D2E25D7760093D1BF /* VigilanteEmpurraoCores.png */ = {isa = PBXFileReference; lastKnownFileType = image.png; path = VigilanteEmpurraoCores.png; sourceTree = "<group>"; };
		B0E2385E2E25D7760093D1BF /* 1fase */ = {isa = PBXFileReference; lastKnownFileType = folder; path = 1fase; sourceTree = "<group>"; };
		B0E2385F2E25D7760093D1BF /* sprite_spray_3_scaled.png */ = {isa = PBXFileReference; lastKnownFileType = image.png; path = sprite_spray_3_scaled.png; sourceTree = "<group>"; };
		B0E238602E25D7760093D1BF /* RatoriousBig.png */ = {isa = PBXFileReference; lastKnownFileType = image.png; path = RatoriousBig.png; sourceTree = "<group>"; };
		B0E238612E25D84A0093D1BF /* MusicManager.cpp */ = {isa = PBXFileReference; lastKnownFileType = sourcecode.cpp.cpp; path = MusicManager.cpp; sourceTree = "<group>"; };
		B0E238622E25D84A0093D1BF /* MusicManager.hpp */ = {isa = PBXFileReference; lastKnownFileType = sourcecode.cpp.h; path = MusicManager.hpp; sourceTree = "<group>"; };
		B0E238642E25DAB40093D1BF /* SLIDE CONCRETE.wav */ = {isa = PBXFileReference; lastKnownFileType = audio.wav; name = "SLIDE CONCRETE.wav"; path = "Recursos/audio/MOVIMENTOS/SLIDE CONCRETE.wav"; sourceTree = "<group>"; };
/* End PBXFileReference section */

/* Begin PBXFrameworksBuildPhase section */
		B0152A8B2DBD3E11008B5B08 /* Frameworks */ = {
			isa = PBXFrameworksBuildPhase;
			buildActionMask = 2147483647;
			files = (
				B0152AAB2DBD48DE008B5B08 /* SDL2_ttf.framework in Frameworks */,
				B0152AA92DBD48DD008B5B08 /* SDL2_mixer.framework in Frameworks */,
				B0152AA62DBD48DC008B5B08 /* SDL2_image.framework in Frameworks */,
				B0152AAD2DBD48E0008B5B08 /* SDL2.framework in Frameworks */,
			);
			runOnlyForDeploymentPostprocessing = 0;
		};
/* End PBXFrameworksBuildPhase section */

/* Begin PBXGroup section */
		B002CC332DDA3D1800654639 /* include */ = {
			isa = PBXGroup;
			children = (
				B0152ABA2DBD57ED008B5B08 /* Animation.hpp */,
				B002CC442DDA3D1800654639 /* Animator.hpp */,
				B002CC572DDA3D1800654639 /* Button.hpp */,
				B002CC5A2DDA3D1800654639 /* Camera.hpp */,
				B0152AB92DBD57ED008B5B08 /* Character.hpp */,
				B002CC392DDA3D1800654639 /* Collider.hpp */,
				B002CC4A2DDA3D1800654639 /* Component.hpp */,
				B084BA202DE0D18F006946A3 /* DrawState.hpp */,
				B0152ACB2DBD57EE008B5B08 /* EndState.hpp */,
				B002CC3D2DDA3D1800654639 /* Game.hpp */,
				B002CC492DDA3D1800654639 /* GameObject.hpp */,
				B0152AD02DBD57EF008B5B08 /* Gun.hpp */,
				B002CC372DDA3D1800654639 /* HUD.hpp */,
				B094C2572DC41B7D00463219 /* Item.hpp */,
				B05052862DDA944B00C81331 /* ItemData.hpp */,
				B07824C42E11D3300020621D /* KeyBindingManager.hpp */,
				B084BA212DE0D18F006946A3 /* NotebookState.hpp */,
				B07824C32E11D3300020621D /* OptionsState.hpp */,
				B07824C22E11D3300020621D /* PauseState.hpp */,
				B002CC562DDA3D1800654639 /* PlayerController.hpp */,
				B080ED482E1EE0C6001731B1 /* DialogState.hpp */,
				B080ED472E1EE0C6001731B1 /* NPC.hpp */,
				B0152AC52DBD57EE008B5B08 /* Rect.hpp */,
				B002CC502DDA3D1800654639 /* Resources.hpp */,
				B002CC4B2DDA3D1800654639 /* Sprite.hpp */,
				B0152ACA2DBD57EE008B5B08 /* SpriteRenderer.hpp */,
				B002CC542DDA3D1800654639 /* StageState.hpp */,
				B002CC582DDA3D1800654639 /* Text.hpp */,
				B0152AC22DBD57EE008B5B08 /* Tile.hpp */,
				B002CC362DDA3D1800654639 /* TileMap.hpp */,
				B002CC4C2DDA3D1800654639 /* Timer.hpp */,
				B0152ACE2DBD57EE008B5B08 /* TitleState.hpp */,
				B002CC3A2DDA3D1800654639 /* Vec2.hpp */,
				B002CC352DDA3D1800654639 /* Tile.hpp */,
				B002CC382DDA3D1800654639 /* Bullet.hpp */,
				B002CC3B2DDA3D1800654639 /* GameData.hpp */,
				B002CC3C2DDA3D1800654639 /* Collision.hpp */,
				B002CC3E2DDA3D1800654639 /* Music.hpp */,
				B002CC3F2DDA3D1800654639 /* InputManager.hpp */,
				B002CC402DDA3D1800654639 /* Animation.hpp */,
				B002CC412DDA3D1800654639 /* EndState.hpp */,
				B002CC422DDA3D1800654639 /* Rect.hpp */,
				B002CC452DDA3D1800654639 /* Sound.hpp */,
				B002CC462DDA3D1800654639 /* Gun.hpp */,
				B002CC472DDA3D1800654639 /* Character.hpp */,
				B002CC4D2DDA3D1800654639 /* State.hpp */,
				B002CC4F2DDA3D1800654639 /* Item.hpp */,
				B002CC512DDA3D1800654639 /* SpriteRenderer.hpp */,
				B002CC522DDA3D1800654639 /* Zombie.hpp */,
				B002CC552DDA3D1800654639 /* TileSet.hpp */,
				B002CC592DDA3D1800654639 /* TitleState.hpp */,
			);
			path = include;
			sourceTree = SOURCE_ROOT;
		};
		B002CC5B2DDA3D3100654639 /* src */ = {
			isa = PBXGroup;
			children = (
				B002CC722DDA3D3100654639 /* Animation.cpp */,
				B0152AEE2DBD6EFF008B5B08 /* Animator.cpp */,
				B002CC7C2DDA3D3100654639 /* Bullet.cpp */,
				B002CC042DD8E38200654639 /* Button.cpp */,
				B0152AFB2DBD6F01008B5B08 /* Camera.cpp */,
				B002CC652DDA3D3100654639 /* Character.cpp */,
				B0152B052DBD6F01008B5B08 /* Collider.cpp */,
				B002CC672DDA3D3100654639 /* Component.cpp */,
				B084BA1C2DE0D17A006946A3 /* DrawState.cpp */,
				B0152AFF2DBD6F01008B5B08 /* EndState.cpp */,
				B002CC812DDA3D3100654639 /* Game.cpp */,
				B0152AFE2DBD6F01008B5B08 /* GameData.cpp */,
				B002CC642DDA3D3100654639 /* GameObject.cpp */,
				B0152B062DBD6F02008B5B08 /* Gun.cpp */,
				B002CC7D2DDA3D3100654639 /* HUD.cpp */,
				B0152AF32DBD6F00008B5B08 /* InputManager.cpp */,
				B094C2552DC41B6B00463219 /* Item.cpp */,
				B05052852DDA944B00C81331 /* ItemData.cpp */,
				B07824BC2E11D31E0020621D /* KeyBindingManager.cpp */,
				B084BA222DE0D198006946A3 /* main.cpp */,
				B002CC702DDA3D3100654639 /* Music.cpp */,
				B084BA1D2DE0D17A006946A3 /* NotebookState.cpp */,
				B07824BD2E11D31E0020621D /* OptionsState.cpp */,
				B07824BE2E11D31E0020621D /* PauseState.cpp */,
				B080ED432E1EE0B4001731B1 /* DialogState.cpp */,
				B080ED442E1EE0B5001731B1 /* NPC.cpp */,
				B0152B012DBD6F01008B5B08 /* PlayerController.cpp */,
				B002CC742DDA3D3100654639 /* Rect.cpp */,
				B0152B032DBD6F01008B5B08 /* Resources.cpp */,
				B002CC772DDA3D3100654639 /* Sound.cpp */,
				B0152B0B2DBD6F02008B5B08 /* Sprite.cpp */,
				B002CC6F2DDA3D3100654639 /* SpriteRenderer.cpp */,
				B0152AEC2DBD6EFF008B5B08 /* StageState.cpp */,
				B002CC6A2DDA3D3100654639 /* State.cpp */,
				B0152AEF2DBD6EFF008B5B08 /* Text.cpp */,
				B002CC792DDA3D3100654639 /* Tile.cpp */,
				B0152B002DBD6F01008B5B08 /* TileMap.cpp */,
				B002CC5E2DDA3D3100654639 /* TileSet.cpp */,
				B0152AF72DBD6F00008B5B08 /* Timer.cpp */,
				B002CC622DDA3D3100654639 /* TitleState.cpp */,
				B0152B042DBD6F01008B5B08 /* Vec2.cpp */,
				B002CC6E2DDA3D3100654639 /* Zombie.cpp */,
				B0E238612E25D84A0093D1BF /* MusicManager.cpp */,
				B0E238622E25D84A0093D1BF /* MusicManager.hpp */,
			);
			path = src;
			sourceTree = "<group>";
		};
		B0152A852DBD3E11008B5B08 = {
			isa = PBXGroup;
			children = (
				B0E2385B2E25C7AF0093D1BF /* DetectionZone.hpp */,
				B0E238592E25C7A70093D1BF /* DetectionZone.cpp */,
				B0152A9A2DBD3EA4008B5B08 /* README.md */,
				B0152A982DBD3EA4008B5B08 /* CMakeLists.txt */,
				B0E238642E25DAB40093D1BF /* SLIDE CONCRETE.wav */,
				B0152B642DBD8303008B5B08 /* audio */,
				B0152B622DBD8303008B5B08 /* font */,
				B0152A9D2DBD4863008B5B08 /* Frameworks */,
				B0152B532DBD8303008B5B08 /* img */,
				B002CC332DDA3D1800654639 /* include */,
				B0152B5E2DBD8303008B5B08 /* map */,
				B0152A8F2DBD3E11008B5B08 /* Products */,
				B0C276092DDA83CE008AB208 /* Recovered References */,
				B002CC5B2DDA3D3100654639 /* src */,
			);
			sourceTree = "<group>";
		};
		B0152A8F2DBD3E11008B5B08 /* Products */ = {
			isa = PBXGroup;
			children = (
				B0152A8E2DBD3E11008B5B08 /* hhj */,
			);
			name = Products;
			sourceTree = "<group>";
		};
		B0152A9D2DBD4863008B5B08 /* Frameworks */ = {
			isa = PBXGroup;
			children = (
				B0152AA02DBD4864008B5B08 /* SDL2_image.framework */,
				B0152A9F2DBD4864008B5B08 /* SDL2_mixer.framework */,
				B0152AA12DBD4864008B5B08 /* SDL2_ttf.framework */,
				B0152A9E2DBD4864008B5B08 /* SDL2.framework */,
			);
			name = Frameworks;
			sourceTree = "<group>";
		};
		B0152B532DBD8303008B5B08 /* img */ = {
			isa = PBXGroup;
			children = (
				B0E2385E2E25D7760093D1BF /* 1fase */,
				B0E238602E25D7760093D1BF /* RatoriousBig.png */,
				B0E2385F2E25D7760093D1BF /* sprite_spray_3_scaled.png */,
				B0E2385C2E25D7760093D1BF /* VigilanteCaminhadaCores.png */,
				B0E2385D2E25D7760093D1BF /* VigilanteEmpurraoCores.png */,
				B080ED5B2E2306C5001731B1 /* gota.png */,
				B080ED5A2E2306C5001731B1 /* morte.png */,
				B080ED5C2E2306C5001731B1 /* socospray.png */,
				B080ED592E2306C5001731B1 /* spraysheet.png */,
				B080ED562E1EE912001731B1 /* avatar.png */,
				B080ED502E1EE912001731B1 /* hiphopjumper.png */,
				B080ED532E1EE912001731B1 /* lata-azul.png */,
				B080ED542E1EE912001731B1 /* lata-cinza.png */,
				B080ED4B2E1EE912001731B1 /* lata-verde.png */,
				B080ED4E2E1EE912001731B1 /* lata-vermelha.png */,
				B080ED552E1EE912001731B1 /* madeira.png */,
				B080ED522E1EE912001731B1 /* rato.png */,
				B080ED4C2E1EE912001731B1 /* Sprite Spray2_scaled.png */,
				B080ED4D2E1EE912001731B1 /* Sprite Spray2.png */,
				B080ED4F2E1EE912001731B1 /* tileset_1fase2_frente_scaled.png */,
				B080ED512E1EE912001731B1 /* tileset_1fase2_tras_scaled.png */,
				B002CCCE2DDA7FA900654639 /* minikitHud.png */,
				B002CC022DD8E36500654639 /* boneco.png */,
				B002CC002DD8E36500654639 /* bonequinho.png */,
				B002CBFD2DD8E36500654639 /* caderno.png */,
				B002CBFE2DD8E36500654639 /* habilidades.png */,
				B002CBFF2DD8E36500654639 /* minikit.png */,
				B002CBFC2DD8E36500654639 /* pixel.png */,
				B002CC032DD8E36500654639 /* spray run test.png */,
				B002CC012DD8E36500654639 /* Tileset_teste.png */,
				B0152B542DBD8303008B5B08 /* Bullet.png */,
				B0152B552DBD8303008B5B08 /* Enemy.png */,
				B024D7082E14A911004D7CE4 /* check.png */,
				B080ED582E22ED71001731B1 /* SOCO.png */,
				B024D7042E14A910004D7CE4 /* spray_can.png */,
				B024D7052E14A911004D7CE4 /* Spritesheet 2.png */,
				B024D7092E14A9A4004D7CE4 /* Sprite Spray.png */,
				B024D7012E14A910004D7CE4 /* tileset_1fase.png */,
				B024D7062E14A911004D7CE4 /* tileset_1fase2_frente.png */,
				B024D7072E14A911004D7CE4 /* tileset_1fase2_tras.png */,
				B024D7022E14A910004D7CE4 /* tileset_1fase2.png */,
				B024D7032E14A910004D7CE4 /* vigilante.png */,
				B0152B562DBD8303008B5B08 /* Title.png */,
				B0152B572DBD8303008B5B08 /* Win.png */,
				B0152B582DBD8303008B5B08 /* Gun.png */,
				B0152B592DBD8303008B5B08 /* Lose.png */,
				B0152B5A2DBD8303008B5B08 /* Background.png */,
				B0152B5B2DBD8303008B5B08 /* NPC.png */,
				B0152B5C2DBD8303008B5B08 /* Tileset.png */,
				B0152B5D2DBD8303008B5B08 /* Player.png */,
			);
			name = img;
			path = Recursos/img;
			sourceTree = "<group>";
		};
		B0152B5E2DBD8303008B5B08 /* map */ = {
			isa = PBXGroup;
			children = (
				B002CC082DD8E39D00654639 /* map_test_tileset.txt */,
				B0152B5F2DBD8303008B5B08 /* map.txt */,
				B0152B602DBD8303008B5B08 /* map_vertical.txt */,
				B0152B612DBD8303008B5B08 /* map_test.txt */,
			);
			name = map;
			path = Recursos/map;
			sourceTree = "<group>";
		};
		B0152B622DBD8303008B5B08 /* font */ = {
			isa = PBXGroup;
			children = (
				B080ED492E1EE8F1001731B1 /* GraffitiYouth-Regular.ttf */,
				B080ED4A2E1EE8F1001731B1 /* KGPerfectPenmanship.ttf */,
				B0152B632DBD8303008B5B08 /* neodgm.ttf */,
			);
			name = font;
			path = Recursos/font;
			sourceTree = "<group>";
		};
		B0152B642DBD8303008B5B08 /* audio */ = {
			isa = PBXGroup;
			children = (
				B07824D12E11D62B0020621D /* TRACKS */,
				B07824D02E11D62B0020621D /* UX */,
				B07824CB2E11D5B90020621D /* CADERNO  */,
				B07824CE2E11D5B90020621D /* GRAFFITI */,
				B07824C62E11D5B90020621D /* INTERACOES */,
				B07824C82E11D5B90020621D /* MOVIMENTOS */,
				B07824C92E11D5B90020621D /* PASSOS MOVIMENTOS DIVERSOS */,
				B02179A62DE0D7FA00DD1357 /* bgm1.mp3 */,
				B002CC092DD8E3AC00654639 /* lego-star-wars-minikit.mp3 */,
				B0152B652DBD8303008B5B08 /* Hit0.wav */,
				B0152B662DBD8303008B5B08 /* Hit1.wav */,
				B0152B672DBD8303008B5B08 /* BGM.wav */,
				B0152B682DBD8303008B5B08 /* Range.wav */,
				B0152B692DBD8303008B5B08 /* endStateWin.ogg */,
				B0152B6A2DBD8303008B5B08 /* PumpAction.mp3 */,
				B0152B6B2DBD8303008B5B08 /* endStateLose.ogg */,
				B0152B6C2DBD8303008B5B08 /* Dead.wav */,
			);
			name = audio;
			path = Recursos/audio;
			sourceTree = "<group>";
		};
		B0C276092DDA83CE008AB208 /* Recovered References */ = {
			isa = PBXGroup;
			children = (
				B0152B0C2DBD6F02008B5B08 /* GameObject.cpp */,
				B0152B072DBD6F02008B5B08 /* Music.cpp */,
				B0152AFA2DBD6F00008B5B08 /* TitleState.cpp */,
				B0152AED2DBD6EFF008B5B08 /* Zombie.cpp */,
				B0152B082DBD6F02008B5B08 /* TileSet.cpp */,
				B0152AF62DBD6F00008B5B08 /* Game.cpp */,
				B0152AF02DBD6EFF008B5B08 /* Tile.cpp */,
				B0152B0A2DBD6F02008B5B08 /* Component.cpp */,
				B0152AF92DBD6F00008B5B08 /* Rect.cpp */,
				B0152AFD2DBD6F01008B5B08 /* Wave.cpp */,
				B0152AF12DBD6F00008B5B08 /* SpriteRenderer.cpp */,
				B094C2532DC2C54B00463219 /* HUD.cpp */,
				B0152B092DBD6F02008B5B08 /* Character.cpp */,
				B0152AF42DBD6F00008B5B08 /* Sound.cpp */,
				B0152B022DBD6F01008B5B08 /* Bullet.cpp */,
				B002CC052DD8E38200654639 /* CadernoState.cpp */,
				B0152AF52DBD6F00008B5B08 /* Animation.cpp */,
				B002CBE42DC431C200654639 /* InventoryItem.cpp */,
				B0152AFC2DBD6F01008B5B08 /* State.cpp */,
			);
			name = "Recovered References";
			sourceTree = "<group>";
		};
/* End PBXGroup section */

/* Begin PBXNativeTarget section */
		B0152A8D2DBD3E11008B5B08 /* hhj */ = {
			isa = PBXNativeTarget;
			buildConfigurationList = B0152A952DBD3E12008B5B08 /* Build configuration list for PBXNativeTarget "hhj" */;
			buildPhases = (
				B0152A8A2DBD3E11008B5B08 /* Sources */,
				B0152A8B2DBD3E11008B5B08 /* Frameworks */,
				B0152A8C2DBD3E11008B5B08 /* CopyFiles */,
				B0152AA82DBD48DC008B5B08 /* Embed Frameworks */,
			);
			buildRules = (
			);
			dependencies = (
			);
			name = hhj;
			productName = hhj;
			productReference = B0152A8E2DBD3E11008B5B08 /* hhj */;
			productType = "com.apple.product-type.tool";
		};
/* End PBXNativeTarget section */

/* Begin PBXProject section */
		B0152A862DBD3E11008B5B08 /* Project object */ = {
			isa = PBXProject;
			attributes = {
				BuildIndependentTargetsInParallel = 1;
				LastUpgradeCheck = 1330;
				TargetAttributes = {
					B0152A8D2DBD3E11008B5B08 = {
						CreatedOnToolsVersion = 13.3;
					};
				};
			};
			buildConfigurationList = B0152A892DBD3E11008B5B08 /* Build configuration list for PBXProject "hhj" */;
			compatibilityVersion = "Xcode 13.0";
			developmentRegion = en;
			hasScannedForEncodings = 0;
			knownRegions = (
				en,
				Base,
			);
			mainGroup = B0152A852DBD3E11008B5B08;
			productRefGroup = B0152A8F2DBD3E11008B5B08 /* Products */;
			projectDirPath = "";
			projectRoot = "";
			targets = (
				B0152A8D2DBD3E11008B5B08 /* hhj */,
			);
		};
/* End PBXProject section */

/* Begin PBXSourcesBuildPhase section */
		B0152A8A2DBD3E11008B5B08 /* Sources */ = {
			isa = PBXSourcesBuildPhase;
			buildActionMask = 2147483647;
			files = (
				B080ED462E1EE0B5001731B1 /* NPC.cpp in Sources */,
				B050525F2DDA8A3F00C81331 /* Animation.cpp in Sources */,
				B05052602DDA8A3F00C81331 /* Animator.cpp in Sources */,
				B0E2385A2E25C7A70093D1BF /* DetectionZone.cpp in Sources */,
				B05052612DDA8A3F00C81331 /* Bullet.cpp in Sources */,
				B05052622DDA8A3F00C81331 /* Button.cpp in Sources */,
				B05052642DDA8A3F00C81331 /* Camera.cpp in Sources */,
				B05052652DDA8A3F00C81331 /* Character.cpp in Sources */,
				B05052662DDA8A3F00C81331 /* Collider.cpp in Sources */,
				B05052672DDA8A3F00C81331 /* Component.cpp in Sources */,
				B05052682DDA8A3F00C81331 /* EndState.cpp in Sources */,
				B05052692DDA8A3F00C81331 /* Game.cpp in Sources */,
				B07824C12E11D31E0020621D /* PauseState.cpp in Sources */,
				B050526A2DDA8A3F00C81331 /* GameData.cpp in Sources */,
				B050526B2DDA8A3F00C81331 /* GameObject.cpp in Sources */,
				B050526C2DDA8A3F00C81331 /* Gun.cpp in Sources */,
				B050526D2DDA8A3F00C81331 /* HUD.cpp in Sources */,
				B050526E2DDA8A3F00C81331 /* InputManager.cpp in Sources */,
				B05052702DDA8A3F00C81331 /* Item.cpp in Sources */,
				B05052722DDA8A3F00C81331 /* Music.cpp in Sources */,
				B080ED452E1EE0B5001731B1 /* DialogState.cpp in Sources */,
				B05052732DDA8A3F00C81331 /* PlayerController.cpp in Sources */,
				B084BA1F2DE0D17A006946A3 /* NotebookState.cpp in Sources */,
				B05052742DDA8A3F00C81331 /* Rect.cpp in Sources */,
				B07824BF2E11D31E0020621D /* KeyBindingManager.cpp in Sources */,
				B084BA232DE0D198006946A3 /* main.cpp in Sources */,
				B05052752DDA8A3F00C81331 /* Resources.cpp in Sources */,
				B084BA1E2DE0D17A006946A3 /* DrawState.cpp in Sources */,
				B05052762DDA8A3F00C81331 /* Sound.cpp in Sources */,
				B05052772DDA8A3F00C81331 /* Sprite.cpp in Sources */,
				B05052782DDA8A3F00C81331 /* SpriteRenderer.cpp in Sources */,
				B05052792DDA8A3F00C81331 /* StageState.cpp in Sources */,
				B050527A2DDA8A3F00C81331 /* State.cpp in Sources */,
				B0E238632E25D84A0093D1BF /* MusicManager.cpp in Sources */,
				B07824C02E11D31E0020621D /* OptionsState.cpp in Sources */,
				B050527B2DDA8A3F00C81331 /* Text.cpp in Sources */,
				B05052872DDA944B00C81331 /* ItemData.cpp in Sources */,
				B050527C2DDA8A3F00C81331 /* Tile.cpp in Sources */,
				B050527D2DDA8A3F00C81331 /* TileMap.cpp in Sources */,
				B050527E2DDA8A3F00C81331 /* TileSet.cpp in Sources */,
				B050527F2DDA8A3F00C81331 /* Timer.cpp in Sources */,
				B05052802DDA8A3F00C81331 /* TitleState.cpp in Sources */,
				B05052812DDA8A3F00C81331 /* Vec2.cpp in Sources */,
				B05052842DDA8A3F00C81331 /* Zombie.cpp in Sources */,
			);
			runOnlyForDeploymentPostprocessing = 0;
		};
/* End PBXSourcesBuildPhase section */

/* Begin XCBuildConfiguration section */
		B0152A932DBD3E12008B5B08 /* Debug */ = {
			isa = XCBuildConfiguration;
			buildSettings = {
				ALWAYS_SEARCH_USER_PATHS = NO;
				CLANG_ANALYZER_NONNULL = YES;
				CLANG_ANALYZER_NUMBER_OBJECT_CONVERSION = YES_AGGRESSIVE;
				CLANG_CXX_LANGUAGE_STANDARD = "gnu++17";
				CLANG_ENABLE_MODULES = YES;
				CLANG_ENABLE_OBJC_ARC = YES;
				CLANG_ENABLE_OBJC_WEAK = YES;
				CLANG_WARN_BLOCK_CAPTURE_AUTORELEASING = YES;
				CLANG_WARN_BOOL_CONVERSION = YES;
				CLANG_WARN_COMMA = YES;
				CLANG_WARN_CONSTANT_CONVERSION = YES;
				CLANG_WARN_DEPRECATED_OBJC_IMPLEMENTATIONS = YES;
				CLANG_WARN_DIRECT_OBJC_ISA_USAGE = YES_ERROR;
				CLANG_WARN_DOCUMENTATION_COMMENTS = YES;
				CLANG_WARN_EMPTY_BODY = YES;
				CLANG_WARN_ENUM_CONVERSION = YES;
				CLANG_WARN_INFINITE_RECURSION = YES;
				CLANG_WARN_INT_CONVERSION = YES;
				CLANG_WARN_NON_LITERAL_NULL_CONVERSION = YES;
				CLANG_WARN_OBJC_IMPLICIT_RETAIN_SELF = YES;
				CLANG_WARN_OBJC_LITERAL_CONVERSION = YES;
				CLANG_WARN_OBJC_ROOT_CLASS = YES_ERROR;
				CLANG_WARN_QUOTED_INCLUDE_IN_FRAMEWORK_HEADER = YES;
				CLANG_WARN_RANGE_LOOP_ANALYSIS = YES;
				CLANG_WARN_STRICT_PROTOTYPES = YES;
				CLANG_WARN_SUSPICIOUS_MOVE = YES;
				CLANG_WARN_UNGUARDED_AVAILABILITY = YES_AGGRESSIVE;
				CLANG_WARN_UNREACHABLE_CODE = YES;
				CLANG_WARN__DUPLICATE_METHOD_MATCH = YES;
				COPY_PHASE_STRIP = NO;
				DEBUG_INFORMATION_FORMAT = dwarf;
				ENABLE_STRICT_OBJC_MSGSEND = YES;
				ENABLE_TESTABILITY = YES;
				GCC_C_LANGUAGE_STANDARD = gnu11;
				GCC_DYNAMIC_NO_PIC = NO;
				GCC_NO_COMMON_BLOCKS = YES;
				GCC_OPTIMIZATION_LEVEL = 0;
				GCC_PREPROCESSOR_DEFINITIONS = (
					"DEBUG=1",
					"$(inherited)",
				);
				GCC_WARN_64_TO_32_BIT_CONVERSION = YES;
				GCC_WARN_ABOUT_RETURN_TYPE = YES_ERROR;
				GCC_WARN_UNDECLARED_SELECTOR = YES;
				GCC_WARN_UNINITIALIZED_AUTOS = YES_AGGRESSIVE;
				GCC_WARN_UNUSED_FUNCTION = YES;
				GCC_WARN_UNUSED_VARIABLE = YES;
				MACOSX_DEPLOYMENT_TARGET = 12.3;
				MTL_ENABLE_DEBUG_INFO = INCLUDE_SOURCE;
				MTL_FAST_MATH = YES;
				ONLY_ACTIVE_ARCH = YES;
				SDKROOT = macosx;
			};
			name = Debug;
		};
		B0152A942DBD3E12008B5B08 /* Release */ = {
			isa = XCBuildConfiguration;
			buildSettings = {
				ALWAYS_SEARCH_USER_PATHS = NO;
				CLANG_ANALYZER_NONNULL = YES;
				CLANG_ANALYZER_NUMBER_OBJECT_CONVERSION = YES_AGGRESSIVE;
				CLANG_CXX_LANGUAGE_STANDARD = "gnu++17";
				CLANG_ENABLE_MODULES = YES;
				CLANG_ENABLE_OBJC_ARC = YES;
				CLANG_ENABLE_OBJC_WEAK = YES;
				CLANG_WARN_BLOCK_CAPTURE_AUTORELEASING = YES;
				CLANG_WARN_BOOL_CONVERSION = YES;
				CLANG_WARN_COMMA = YES;
				CLANG_WARN_CONSTANT_CONVERSION = YES;
				CLANG_WARN_DEPRECATED_OBJC_IMPLEMENTATIONS = YES;
				CLANG_WARN_DIRECT_OBJC_ISA_USAGE = YES_ERROR;
				CLANG_WARN_DOCUMENTATION_COMMENTS = YES;
				CLANG_WARN_EMPTY_BODY = YES;
				CLANG_WARN_ENUM_CONVERSION = YES;
				CLANG_WARN_INFINITE_RECURSION = YES;
				CLANG_WARN_INT_CONVERSION = YES;
				CLANG_WARN_NON_LITERAL_NULL_CONVERSION = YES;
				CLANG_WARN_OBJC_IMPLICIT_RETAIN_SELF = YES;
				CLANG_WARN_OBJC_LITERAL_CONVERSION = YES;
				CLANG_WARN_OBJC_ROOT_CLASS = YES_ERROR;
				CLANG_WARN_QUOTED_INCLUDE_IN_FRAMEWORK_HEADER = YES;
				CLANG_WARN_RANGE_LOOP_ANALYSIS = YES;
				CLANG_WARN_STRICT_PROTOTYPES = YES;
				CLANG_WARN_SUSPICIOUS_MOVE = YES;
				CLANG_WARN_UNGUARDED_AVAILABILITY = YES_AGGRESSIVE;
				CLANG_WARN_UNREACHABLE_CODE = YES;
				CLANG_WARN__DUPLICATE_METHOD_MATCH = YES;
				COPY_PHASE_STRIP = NO;
				DEBUG_INFORMATION_FORMAT = "dwarf-with-dsym";
				ENABLE_NS_ASSERTIONS = NO;
				ENABLE_STRICT_OBJC_MSGSEND = YES;
				GCC_C_LANGUAGE_STANDARD = gnu11;
				GCC_NO_COMMON_BLOCKS = YES;
				GCC_WARN_64_TO_32_BIT_CONVERSION = YES;
				GCC_WARN_ABOUT_RETURN_TYPE = YES_ERROR;
				GCC_WARN_UNDECLARED_SELECTOR = YES;
				GCC_WARN_UNINITIALIZED_AUTOS = YES_AGGRESSIVE;
				GCC_WARN_UNUSED_FUNCTION = YES;
				GCC_WARN_UNUSED_VARIABLE = YES;
				MACOSX_DEPLOYMENT_TARGET = 12.3;
				MTL_ENABLE_DEBUG_INFO = NO;
				MTL_FAST_MATH = YES;
				SDKROOT = macosx;
			};
			name = Release;
		};
		B0152A962DBD3E12008B5B08 /* Debug */ = {
			isa = XCBuildConfiguration;
			buildSettings = {
				CODE_SIGN_STYLE = Automatic;
				FRAMEWORK_SEARCH_PATHS = "/Library/Frameworks\n";
				HEADER_SEARCH_PATHS = (
					/Library/Frameworks/SDL2.framework/Headers,
					/Library/Frameworks/SDL2_mixer.framework/Headers,
					/Library/Frameworks/SDL2_ttf.framework/Headers,
					/Library/Frameworks/SDL2_image.framework/Headers,
					"$(SRCROOT)",
				);
				OTHER_CODE_SIGN_FLAGS = "--deep";
				PRODUCT_NAME = "$(TARGET_NAME)";
			};
			name = Debug;
		};
		B0152A972DBD3E12008B5B08 /* Release */ = {
			isa = XCBuildConfiguration;
			buildSettings = {
				CODE_SIGN_STYLE = Automatic;
				FRAMEWORK_SEARCH_PATHS = "/Library/Frameworks\n";
				HEADER_SEARCH_PATHS = (
					/Library/Frameworks/SDL2.framework/Headers,
					/Library/Frameworks/SDL2_mixer.framework/Headers,
					/Library/Frameworks/SDL2_ttf.framework/Headers,
					/Library/Frameworks/SDL2_image.framework/Headers,
					"$(SRCROOT)",
				);
				OTHER_CODE_SIGN_FLAGS = "--deep";
				PRODUCT_NAME = "$(TARGET_NAME)";
			};
			name = Release;
		};
/* End XCBuildConfiguration section */

/* Begin XCConfigurationList section */
		B0152A892DBD3E11008B5B08 /* Build configuration list for PBXProject "hhj" */ = {
			isa = XCConfigurationList;
			buildConfigurations = (
				B0152A932DBD3E12008B5B08 /* Debug */,
				B0152A942DBD3E12008B5B08 /* Release */,
			);
			defaultConfigurationIsVisible = 0;
			defaultConfigurationName = Release;
		};
		B0152A952DBD3E12008B5B08 /* Build configuration list for PBXNativeTarget "hhj" */ = {
			isa = XCConfigurationList;
			buildConfigurations = (
				B0152A962DBD3E12008B5B08 /* Debug */,
				B0152A972DBD3E12008B5B08 /* Release */,
			);
			defaultConfigurationIsVisible = 0;
			defaultConfigurationName = Release;
		};
/* End XCConfigurationList section */
	};
	rootObject = B0152A862DBD3E11008B5B08 /* Project object */;
}
